
Microsoft Visual Studio Solution File, Format Version 12.00
# Visual Studio 15
VisualStudioVersion = 15.0.28307.1231
MinimumVisualStudioVersion = 10.0.40219.1
Project("{8BC9CEB8-8B4A-11D0-8D11-00A0C91BC942}") = "LinkedList(Point)", "LinkedList(Point)\LinkedList(Point).vcxproj", "{3FEB61D0-81E0-4252-8616-CA1FDF625C79}"
EndProject
Global
	GlobalSection(SolutionConfigurationPlatforms) = preSolution
		Debug|x64 = Debug|x64
		Debug|x86 = Debug|x86
		Release|x64 = Release|x64
		Release|x86 = Release|x86
	EndGlobalSection
	GlobalSection(ProjectConfigurationPlatforms) = postSolution
		{3FEB61D0-81E0-4252-8616-CA1FDF625C79}.Debug|x64.ActiveCfg = Debug|x64
		{3FEB61D0-81E0-4252-8616-CA1FDF625C79}.Debug|x64.Build.0 = Debug|x64
		{3FEB61D0-81E0-4252-8616-CA1FDF625C79}.Debug|x86.ActiveCfg = Debug|Win32
		{3FEB61D0-81E0-4252-8616-CA1FDF625C79}.Debug|x86.Build.0 = Debug|Win32
		{3FEB61D0-81E0-4252-8616-CA1FDF625C79}.Release|x64.ActiveCfg = Release|x64
		{3FEB61D0-81E0-4252-8616-CA1FDF625C79}.Release|x64.Build.0 = Release|x64
		{3FEB61D0-81E0-4252-8616-CA1FDF625C79}.Release|x86.ActiveCfg = Release|Win32
		{3FEB61D0-81E0-4252-8616-CA1FDF625C79}.Release|x86.Build.0 = Release|Win32
	EndGlobalSection
	GlobalSection(SolutionProperties) = preSolution
		HideSolutionNode = FALSE
	EndGlobalSection
	GlobalSection(ExtensibilityGlobals) = postSolution
		SolutionGuid = {F24C6625-A2ED-49A3-BDC2-56E0C2DDFA3F}
	EndGlobalSection
EndGlobal
